{
  "name": "owlmetry-demo-node",
  "version": "1.0.0",
  "lockfileVersion": 3,
  "requires": true,
  "packages": {
    "": {
      "name": "owlmetry-demo-node",
      "version": "1.0.0",
      "dependencies": {
        "@owlmetry/node": "file:../.."
      }
    },
    "../..": {
      "name": "@owlmetry/node",
      "version": "0.1.14",
      "license": "MIT",
      "devDependencies": {
        "@types/node": "^25.5.0",
        "tsup": "^8.5.1",
        "typescript": "^5.9.3"
      },
      "engines": {
        "node": ">=20"
      }
    },
    "node_modules/@owlmetry/node": {
      "resolved": "../..",
      "link": true
    }
  }
}
